
Microsoft Visual Studio Solution File, Format Version 12.00
# Visual Studio 15
VisualStudioVersion = 15.0.26730.8
MinimumVisualStudioVersion = 10.0.40219.1
Project("{FAE04EC0-301F-11D3-BF4B-00C04F79EFBC}") = "Flexinets.Radius.Core", "Flexinets.Radius.Core.csproj", "{658C7009-7741-4C4E-B403-35E87C1E2E90}"
EndProject
Global
	GlobalSection(SolutionConfigurationPlatforms) = preSolution
		Debug|Any CPU = Debug|Any CPU
		Release|Any CPU = Release|Any CPU
	EndGlobalSection
	GlobalSection(ProjectConfigurationPlatforms) = postSolution
		{658C7009-7741-4C4E-B403-35E87C1E2E90}.Debug|Any CPU.ActiveCfg = Debug|Any CPU
		{658C7009-7741-4C4E-B403-35E87C1E2E90}.Debug|Any CPU.Build.0 = Debug|Any CPU
		{658C7009-7741-4C4E-B403-35E87C1E2E90}.Release|Any CPU.ActiveCfg = Release|Any CPU
		{658C7009-7741-4C4E-B403-35E87C1E2E90}.Release|Any CPU.Build.0 = Release|Any CPU
	EndGlobalSection
	GlobalSection(SolutionProperties) = preSolution
		HideSolutionNode = FALSE
	EndGlobalSection
	GlobalSection(ExtensibilityGlobals) = postSolution
		SolutionGuid = {09E8FA8D-49FC-4883-A469-5E27140DCC09}
	EndGlobalSection
EndGlobal
